
Microsoft Visual Studio Solution File, Format Version 12.00
# Visual Studio Version 17
VisualStudioVersion = 17.11.35222.181
MinimumVisualStudioVersion = 10.0.40219.1
Project("{FAE04EC0-301F-11D3-BF4B-00C04F79EFBC}") = "users.RestApi", "users.RestApi\users.RestApi.csproj", "{07D847A5-0869-441E-B931-09AF7252CDA0}"
EndProject
Project("{FAE04EC0-301F-11D3-BF4B-00C04F79EFBC}") = "users.Models", "users.Models\users.Models.csproj", "{D535C92E-A110-4CE9-BCB5-9BBEA48AFC52}"
EndProject
Project("{FAE04EC0-301F-11D3-BF4B-00C04F79EFBC}") = "users.DataAccess", "users.DataAccess\users.DataAccess.csproj", "{D2E1E63C-EEA2-4FE9-8F84-20B84C4C7FBA}"
EndProject
Global
	GlobalSection(SolutionConfigurationPlatforms) = preSolution
		Debug|Any CPU = Debug|Any CPU
		Release|Any CPU = Release|Any CPU
	EndGlobalSection
	GlobalSection(ProjectConfigurationPlatforms) = postSolution
		{07D847A5-0869-441E-B931-09AF7252CDA0}.Debug|Any CPU.ActiveCfg = Debug|Any CPU
		{07D847A5-0869-441E-B931-09AF7252CDA0}.Debug|Any CPU.Build.0 = Debug|Any CPU
		{07D847A5-0869-441E-B931-09AF7252CDA0}.Release|Any CPU.ActiveCfg = Release|Any CPU
		{07D847A5-0869-441E-B931-09AF7252CDA0}.Release|Any CPU.Build.0 = Release|Any CPU
		{D535C92E-A110-4CE9-BCB5-9BBEA48AFC52}.Debug|Any CPU.ActiveCfg = Debug|Any CPU
		{D535C92E-A110-4CE9-BCB5-9BBEA48AFC52}.Debug|Any CPU.Build.0 = Debug|Any CPU
		{D535C92E-A110-4CE9-BCB5-9BBEA48AFC52}.Release|Any CPU.ActiveCfg = Release|Any CPU
		{D535C92E-A110-4CE9-BCB5-9BBEA48AFC52}.Release|Any CPU.Build.0 = Release|Any CPU
		{D2E1E63C-EEA2-4FE9-8F84-20B84C4C7FBA}.Debug|Any CPU.ActiveCfg = Debug|Any CPU
		{D2E1E63C-EEA2-4FE9-8F84-20B84C4C7FBA}.Debug|Any CPU.Build.0 = Debug|Any CPU
		{D2E1E63C-EEA2-4FE9-8F84-20B84C4C7FBA}.Release|Any CPU.ActiveCfg = Release|Any CPU
		{D2E1E63C-EEA2-4FE9-8F84-20B84C4C7FBA}.Release|Any CPU.Build.0 = Release|Any CPU
	EndGlobalSection
	GlobalSection(SolutionProperties) = preSolution
		HideSolutionNode = FALSE
	EndGlobalSection
	GlobalSection(ExtensibilityGlobals) = postSolution
		SolutionGuid = {6F21D523-D07E-4CC8-BDDD-A49F24817679}
	EndGlobalSection
EndGlobal
